
Microsoft Visual Studio Solution File, Format Version 12.00
# Visual Studio Version 16
VisualStudioVersion = 16.0.34114.132
MinimumVisualStudioVersion = 10.0.40219.1
Project("{FAE04EC0-301F-11D3-BF4B-00C04F79EFBC}") = "wpf_learning1", "wpf_learning1\wpf_learning1.csproj", "{6241A62A-BC29-4521-9BA7-BEFE8146B61C}"
EndProject
Global
	GlobalSection(SolutionConfigurationPlatforms) = preSolution
		Debug|Any CPU = Debug|Any CPU
		Release|Any CPU = Release|Any CPU
	EndGlobalSection
	GlobalSection(ProjectConfigurationPlatforms) = postSolution
		{6241A62A-BC29-4521-9BA7-BEFE8146B61C}.Debug|Any CPU.ActiveCfg = Debug|Any CPU
		{6241A62A-BC29-4521-9BA7-BEFE8146B61C}.Debug|Any CPU.Build.0 = Debug|Any CPU
		{6241A62A-BC29-4521-9BA7-BEFE8146B61C}.Release|Any CPU.ActiveCfg = Release|Any CPU
		{6241A62A-BC29-4521-9BA7-BEFE8146B61C}.Release|Any CPU.Build.0 = Release|Any CPU
	EndGlobalSection
	GlobalSection(SolutionProperties) = preSolution
		HideSolutionNode = FALSE
	EndGlobalSection
	GlobalSection(ExtensibilityGlobals) = postSolution
		SolutionGuid = {ED3C22FC-99EC-4A40-98E0-D1325414608F}
	EndGlobalSection
EndGlobal
